
Microsoft Visual Studio Solution File, Format Version 12.00
# Visual Studio 15
VisualStudioVersion = 15.0.26228.4
MinimumVisualStudioVersion = 10.0.40219.1
Project("{9A19103F-16F7-4668-BE54-9A1E7A4F7556}") = "DepotDownloader", "DepotDownloader\DepotDownloader.csproj", "{39159C47-ACD3-449F-96CA-4F30C8ED147A}"
EndProject
Global
	GlobalSection(SolutionConfigurationPlatforms) = preSolution
		Debug|Any CPU = Debug|Any CPU
		Debug|x64 = Debug|x64
		Release|Any CPU = Release|Any CPU
		Release|x64 = Release|x64
	EndGlobalSection
	GlobalSection(ProjectConfigurationPlatforms) = postSolution
		{39159C47-ACD3-449F-96CA-4F30C8ED147A}.Debug|Any CPU.ActiveCfg = Debug|Any CPU
		{39159C47-ACD3-449F-96CA-4F30C8ED147A}.Debug|Any CPU.Build.0 = Debug|Any CPU
		{39159C47-ACD3-449F-96CA-4F30C8ED147A}.Debug|x64.ActiveCfg = Debug|x64
		{39159C47-ACD3-449F-96CA-4F30C8ED147A}.Debug|x64.Build.0 = Debug|x64
		{39159C47-ACD3-449F-96CA-4F30C8ED147A}.Release|Any CPU.ActiveCfg = Release|Any CPU
		{39159C47-ACD3-449F-96CA-4F30C8ED147A}.Release|Any CPU.Build.0 = Release|Any CPU
		{39159C47-ACD3-449F-96CA-4F30C8ED147A}.Release|x64.ActiveCfg = Release|x64
		{39159C47-ACD3-449F-96CA-4F30C8ED147A}.Release|x64.Build.0 = Release|x64
	EndGlobalSection
	GlobalSection(SolutionProperties) = preSolution
		HideSolutionNode = FALSE
	EndGlobalSection
	GlobalSection(ExtensibilityGlobals) = postSolution
		SolutionGuid = {BC6B2FCC-74BB-4BA3-AFD4-D57C2408689B}
	EndGlobalSection
EndGlobal
